
Microsoft Visual Studio Solution File, Format Version 12.00
# Visual Studio Version 17
VisualStudioVersion = 17.5.33424.131
MinimumVisualStudioVersion = 10.0.40219.1
Project("{888888A0-9F3D-457C-B088-3A5042F75D52}") = "matvelickov_introPython", "matvelickov_introPython\matvelickov_introPython.pyproj", "{5085FFFE-4873-41E9-BDB3-3F8F21718CC4}"
EndProject
Global
	GlobalSection(SolutionConfigurationPlatforms) = preSolution
		Debug|Any CPU = Debug|Any CPU
		Release|Any CPU = Release|Any CPU
	EndGlobalSection
	GlobalSection(ProjectConfigurationPlatforms) = postSolution
		{5085FFFE-4873-41E9-BDB3-3F8F21718CC4}.Debug|Any CPU.ActiveCfg = Debug|Any CPU
		{5085FFFE-4873-41E9-BDB3-3F8F21718CC4}.Release|Any CPU.ActiveCfg = Release|Any CPU
	EndGlobalSection
	GlobalSection(SolutionProperties) = preSolution
		HideSolutionNode = FALSE
	EndGlobalSection
	GlobalSection(ExtensibilityGlobals) = postSolution
		SolutionGuid = {1BD9D39A-BBA6-47AC-BE5D-48A8884FF3C2}
	EndGlobalSection
EndGlobal
